
Microsoft Visual Studio Solution File, Format Version 12.00
# Visual Studio 14
VisualStudioVersion = 14.0.25420.1
MinimumVisualStudioVersion = 10.0.40219.1
Project("{2150E333-8FDC-42A3-9474-1A3956D46DE8}") = "src", "src", "{D21C4011-A733-4269-B775-5080EF37EFA3}"
EndProject
Project("{2150E333-8FDC-42A3-9474-1A3956D46DE8}") = "Solution Items", "Solution Items", "{B075B51D-0D38-4420-B283-DD092BC45A07}"
	ProjectSection(SolutionItems) = preProject
		global.json = global.json
	EndProjectSection
EndProject
Project("{8BB2217D-0F2D-49D1-97BC-3654ED321F3B}") = "DotNetCore.FantasyFootball.Core", "src\DotNetCore.FantasyFootball.Core\DotNetCore.FantasyFootball.Core.xproj", "{85DC1BA9-4EDF-44FE-BEEB-7587321FD6DD}"
EndProject
Project("{8BB2217D-0F2D-49D1-97BC-3654ED321F3B}") = "DotNetCore.FantasyFootball.Web", "src\DotNetCore.FantasyFootball.Web\DotNetCore.FantasyFootball.Web.xproj", "{1E8C721D-BFD3-4DBD-AE0C-8AEDF02FDF6E}"
EndProject
Project("{8BB2217D-0F2D-49D1-97BC-3654ED321F3B}") = "DotNetCore.FantasyFootball.Tests", "test\DotNetCore.FantasyFootball.Tests\DotNetCore.FantasyFootball.Tests.xproj", "{4BE6B0EE-0DD5-45B3-965C-8AF1D18BE8B4}"
EndProject
Project("{8BB2217D-0F2D-49D1-97BC-3654ED321F3B}") = "DotNetCore.FantasyFootball.ConsoleRunner", "src\DotNetCore.FantasyFootball.ConsoleRunner\DotNetCore.FantasyFootball.ConsoleRunner.xproj", "{87C765E5-4833-4C22-A692-329B987DE788}"
EndProject
Global
	GlobalSection(SolutionConfigurationPlatforms) = preSolution
		Debug|Any CPU = Debug|Any CPU
		Release|Any CPU = Release|Any CPU
	EndGlobalSection
	GlobalSection(ProjectConfigurationPlatforms) = postSolution
		{85DC1BA9-4EDF-44FE-BEEB-7587321FD6DD}.Debug|Any CPU.ActiveCfg = Debug|Any CPU
		{85DC1BA9-4EDF-44FE-BEEB-7587321FD6DD}.Debug|Any CPU.Build.0 = Debug|Any CPU
		{85DC1BA9-4EDF-44FE-BEEB-7587321FD6DD}.Release|Any CPU.ActiveCfg = Release|Any CPU
		{85DC1BA9-4EDF-44FE-BEEB-7587321FD6DD}.Release|Any CPU.Build.0 = Release|Any CPU
		{1E8C721D-BFD3-4DBD-AE0C-8AEDF02FDF6E}.Debug|Any CPU.ActiveCfg = Debug|Any CPU
		{1E8C721D-BFD3-4DBD-AE0C-8AEDF02FDF6E}.Debug|Any CPU.Build.0 = Debug|Any CPU
		{1E8C721D-BFD3-4DBD-AE0C-8AEDF02FDF6E}.Release|Any CPU.ActiveCfg = Release|Any CPU
		{1E8C721D-BFD3-4DBD-AE0C-8AEDF02FDF6E}.Release|Any CPU.Build.0 = Release|Any CPU
		{4BE6B0EE-0DD5-45B3-965C-8AF1D18BE8B4}.Debug|Any CPU.ActiveCfg = Debug|Any CPU
		{4BE6B0EE-0DD5-45B3-965C-8AF1D18BE8B4}.Debug|Any CPU.Build.0 = Debug|Any CPU
		{4BE6B0EE-0DD5-45B3-965C-8AF1D18BE8B4}.Release|Any CPU.ActiveCfg = Release|Any CPU
		{4BE6B0EE-0DD5-45B3-965C-8AF1D18BE8B4}.Release|Any CPU.Build.0 = Release|Any CPU
		{87C765E5-4833-4C22-A692-329B987DE788}.Debug|Any CPU.ActiveCfg = Debug|Any CPU
		{87C765E5-4833-4C22-A692-329B987DE788}.Debug|Any CPU.Build.0 = Debug|Any CPU
		{87C765E5-4833-4C22-A692-329B987DE788}.Release|Any CPU.ActiveCfg = Release|Any CPU
		{87C765E5-4833-4C22-A692-329B987DE788}.Release|Any CPU.Build.0 = Release|Any CPU
	EndGlobalSection
	GlobalSection(SolutionProperties) = preSolution
		HideSolutionNode = FALSE
	EndGlobalSection
	GlobalSection(NestedProjects) = preSolution
		{85DC1BA9-4EDF-44FE-BEEB-7587321FD6DD} = {D21C4011-A733-4269-B775-5080EF37EFA3}
		{1E8C721D-BFD3-4DBD-AE0C-8AEDF02FDF6E} = {D21C4011-A733-4269-B775-5080EF37EFA3}
		{87C765E5-4833-4C22-A692-329B987DE788} = {D21C4011-A733-4269-B775-5080EF37EFA3}
	EndGlobalSection
EndGlobal
